
Microsoft Visual Studio Solution File, Format Version 12.00
# Visual Studio Version 17
VisualStudioVersion = 17.9.34616.47
MinimumVisualStudioVersion = 10.0.40219.1
Project("{9A19103F-16F7-4668-BE54-9A1E7A4F7556}") = "toast_ui.blazor_calendar", "toast_ui.blazor_calendar\toast_ui.blazor_calendar.csproj", "{C01A6E1E-EAEE-417E-9CEE-38E027EBEF3E}"
EndProject
Project("{9A19103F-16F7-4668-BE54-9A1E7A4F7556}") = "toast_ui.blazor_calendar.TestProject", "toast_ui.blazor_calendar.TestProject\toast_ui.blazor_calendar.TestProject\toast_ui.blazor_calendar.TestProject.csproj", "{0A7C8956-2D9B-420E-8A3A-ADF8C42D9C73}"
EndProject
Project("{9A19103F-16F7-4668-BE54-9A1E7A4F7556}") = "toast_ui.blazor_calendar.TestProjectMudBlazorServerSide", "toast_ui.blazor_calendar.TestProjectMudBlazorServerSide\toast_ui.blazor_calendar.TestProjectMudBlazorServerSide.csproj", "{FD9AF14F-AEDD-4EC5-AB0F-8C4911C6841C}"
EndProject
Global
	GlobalSection(SolutionConfigurationPlatforms) = preSolution
		Debug|Any CPU = Debug|Any CPU
		Release|Any CPU = Release|Any CPU
	EndGlobalSection
	GlobalSection(ProjectConfigurationPlatforms) = postSolution
		{C01A6E1E-EAEE-417E-9CEE-38E027EBEF3E}.Debug|Any CPU.ActiveCfg = Debug|Any CPU
		{C01A6E1E-EAEE-417E-9CEE-38E027EBEF3E}.Debug|Any CPU.Build.0 = Debug|Any CPU
		{C01A6E1E-EAEE-417E-9CEE-38E027EBEF3E}.Release|Any CPU.ActiveCfg = Release|Any CPU
		{C01A6E1E-EAEE-417E-9CEE-38E027EBEF3E}.Release|Any CPU.Build.0 = Release|Any CPU
		{0A7C8956-2D9B-420E-8A3A-ADF8C42D9C73}.Debug|Any CPU.ActiveCfg = Debug|Any CPU
		{0A7C8956-2D9B-420E-8A3A-ADF8C42D9C73}.Debug|Any CPU.Build.0 = Debug|Any CPU
		{0A7C8956-2D9B-420E-8A3A-ADF8C42D9C73}.Release|Any CPU.ActiveCfg = Release|Any CPU
		{0A7C8956-2D9B-420E-8A3A-ADF8C42D9C73}.Release|Any CPU.Build.0 = Release|Any CPU
		{FD9AF14F-AEDD-4EC5-AB0F-8C4911C6841C}.Debug|Any CPU.ActiveCfg = Debug|Any CPU
		{FD9AF14F-AEDD-4EC5-AB0F-8C4911C6841C}.Debug|Any CPU.Build.0 = Debug|Any CPU
		{FD9AF14F-AEDD-4EC5-AB0F-8C4911C6841C}.Release|Any CPU.ActiveCfg = Release|Any CPU
		{FD9AF14F-AEDD-4EC5-AB0F-8C4911C6841C}.Release|Any CPU.Build.0 = Release|Any CPU
	EndGlobalSection
	GlobalSection(SolutionProperties) = preSolution
		HideSolutionNode = FALSE
	EndGlobalSection
	GlobalSection(ExtensibilityGlobals) = postSolution
		SolutionGuid = {DE3DB85E-0C8B-4F2F-9040-84B61F3408A1}
	EndGlobalSection
EndGlobal
